// !$*UTF8*$!
{
	archiveVersion = 1;
	classes = {
	};
	objectVersion = 56;
	objects = {

/* Begin PBXBuildFile section */
		9FFECC632B4DBC950046174D /* HogwartsApp.swift in Sources */ = {isa = PBXBuildFile; fileRef = 9FFECC622B4DBC950046174D /* HogwartsApp.swift */; };
		9FFECC672B4DBC970046174D /* Assets.xcassets in Resources */ = {isa = PBXBuildFile; fileRef = 9FFECC662B4DBC970046174D /* Assets.xcassets */; };
		9FFECC6A2B4DBC970046174D /* Preview Assets.xcassets in Resources */ = {isa = PBXBuildFile; fileRef = 9FFECC692B4DBC970046174D /* Preview Assets.xcassets */; };
		9FFECC6C2B4DBC970046174D /* Persistence.swift in Sources */ = {isa = PBXBuildFile; fileRef = 9FFECC6B2B4DBC970046174D /* Persistence.swift */; };
		9FFECC6F2B4DBC970046174D /* Hogwarts.xcdatamodeld in Sources */ = {isa = PBXBuildFile; fileRef = 9FFECC6D2B4DBC970046174D /* Hogwarts.xcdatamodeld */; };
		9FFECC792B4DBC980046174D /* HogwartsTests.swift in Sources */ = {isa = PBXBuildFile; fileRef = 9FFECC782B4DBC980046174D /* HogwartsTests.swift */; };
		9FFECC832B4DBC980046174D /* HogwartsUITests.swift in Sources */ = {isa = PBXBuildFile; fileRef = 9FFECC822B4DBC980046174D /* HogwartsUITests.swift */; };
		9FFECC852B4DBC980046174D /* HogwartsUITestsLaunchTests.swift in Sources */ = {isa = PBXBuildFile; fileRef = 9FFECC842B4DBC980046174D /* HogwartsUITestsLaunchTests.swift */; };
		9FFECC992B4DC0300046174D /* HomeView.swift in Sources */ = {isa = PBXBuildFile; fileRef = 9FFECC982B4DC0300046174D /* HomeView.swift */; };
		9FFECC9D2B4DC1020046174D /* HTTPMethod.swift in Sources */ = {isa = PBXBuildFile; fileRef = 9FFECC9C2B4DC1020046174D /* HTTPMethod.swift */; };
		9FFECC9F2B4DC1310046174D /* Endpoint.swift in Sources */ = {isa = PBXBuildFile; fileRef = 9FFECC9E2B4DC1310046174D /* Endpoint.swift */; };
		9FFECCA12B4DC5170046174D /* RequestError.swift in Sources */ = {isa = PBXBuildFile; fileRef = 9FFECCA02B4DC5170046174D /* RequestError.swift */; };
		9FFECCA42B4DC5420046174D /* ResponseValidatorProtocol.swift in Sources */ = {isa = PBXBuildFile; fileRef = 9FFECCA32B4DC5420046174D /* ResponseValidatorProtocol.swift */; };
		9FFECCA62B4DC5550046174D /* ResponseValidator.swift in Sources */ = {isa = PBXBuildFile; fileRef = 9FFECCA52B4DC5550046174D /* ResponseValidator.swift */; };
		9FFECCAA2B4DC5900046174D /* CustomJSONDecoder.swift in Sources */ = {isa = PBXBuildFile; fileRef = 9FFECCA92B4DC58F0046174D /* CustomJSONDecoder.swift */; };
		9FFECCAC2B4DC60E0046174D /* HTTPClient.swift in Sources */ = {isa = PBXBuildFile; fileRef = 9FFECCAB2B4DC60E0046174D /* HTTPClient.swift */; };
		9FFECCB12B4DCF440046174D /* CharacterEndoint.swift in Sources */ = {isa = PBXBuildFile; fileRef = 9FFECCB02B4DCF440046174D /* CharacterEndoint.swift */; };
		9FFECCB32B4DCF760046174D /* SpellEndpoint.swift in Sources */ = {isa = PBXBuildFile; fileRef = 9FFECCB22B4DCF760046174D /* SpellEndpoint.swift */; };
		9FFECCB62B4DD0660046174D /* CharacterRepository.swift in Sources */ = {isa = PBXBuildFile; fileRef = 9FFECCB52B4DD0660046174D /* CharacterRepository.swift */; };
		9FFECCBA2B4DD0A00046174D /* CharacterModel.swift in Sources */ = {isa = PBXBuildFile; fileRef = 9FFECCB92B4DD0A00046174D /* CharacterModel.swift */; };
		9FFECCBD2B4DD0D80046174D /* URLOptionalWrapper.swift in Sources */ = {isa = PBXBuildFile; fileRef = 9FFECCBC2B4DD0D80046174D /* URLOptionalWrapper.swift */; };
		9FFECCBF2B4DD10B0046174D /* WandModel.swift in Sources */ = {isa = PBXBuildFile; fileRef = 9FFECCBE2B4DD10B0046174D /* WandModel.swift */; };
		9FFECCC22B4DD23D0046174D /* SpellModel.swift in Sources */ = {isa = PBXBuildFile; fileRef = 9FFECCC12B4DD23D0046174D /* SpellModel.swift */; };
		9FFECCC42B4DD2FF0046174D /* SpellRepository.swift in Sources */ = {isa = PBXBuildFile; fileRef = 9FFECCC32B4DD2FF0046174D /* SpellRepository.swift */; };
/* End PBXBuildFile section */

/* Begin PBXContainerItemProxy section */
		9FFECC752B4DBC980046174D /* PBXContainerItemProxy */ = {
			isa = PBXContainerItemProxy;
			containerPortal = 9FFECC572B4DBC950046174D /* Project object */;
			proxyType = 1;
			remoteGlobalIDString = 9FFECC5E2B4DBC950046174D;
			remoteInfo = Hogwarts;
		};
		9FFECC7F2B4DBC980046174D /* PBXContainerItemProxy */ = {
			isa = PBXContainerItemProxy;
			containerPortal = 9FFECC572B4DBC950046174D /* Project object */;
			proxyType = 1;
			remoteGlobalIDString = 9FFECC5E2B4DBC950046174D;
			remoteInfo = Hogwarts;
		};
/* End PBXContainerItemProxy section */

/* Begin PBXFileReference section */
		9FFECC5F2B4DBC950046174D /* Hogwarts.app */ = {isa = PBXFileReference; explicitFileType = wrapper.application; includeInIndex = 0; path = Hogwarts.app; sourceTree = BUILT_PRODUCTS_DIR; };
		9FFECC622B4DBC950046174D /* HogwartsApp.swift */ = {isa = PBXFileReference; lastKnownFileType = sourcecode.swift; path = HogwartsApp.swift; sourceTree = "<group>"; };
		9FFECC662B4DBC970046174D /* Assets.xcassets */ = {isa = PBXFileReference; lastKnownFileType = folder.assetcatalog; path = Assets.xcassets; sourceTree = "<group>"; };
		9FFECC692B4DBC970046174D /* Preview Assets.xcassets */ = {isa = PBXFileReference; lastKnownFileType = folder.assetcatalog; path = "Preview Assets.xcassets"; sourceTree = "<group>"; };
		9FFECC6B2B4DBC970046174D /* Persistence.swift */ = {isa = PBXFileReference; lastKnownFileType = sourcecode.swift; path = Persistence.swift; sourceTree = "<group>"; };
		9FFECC6E2B4DBC970046174D /* Hogwarts.xcdatamodel */ = {isa = PBXFileReference; lastKnownFileType = wrapper.xcdatamodel; path = Hogwarts.xcdatamodel; sourceTree = "<group>"; };
		9FFECC742B4DBC980046174D /* HogwartsTests.xctest */ = {isa = PBXFileReference; explicitFileType = wrapper.cfbundle; includeInIndex = 0; path = HogwartsTests.xctest; sourceTree = BUILT_PRODUCTS_DIR; };
		9FFECC782B4DBC980046174D /* HogwartsTests.swift */ = {isa = PBXFileReference; lastKnownFileType = sourcecode.swift; path = HogwartsTests.swift; sourceTree = "<group>"; };
		9FFECC7E2B4DBC980046174D /* HogwartsUITests.xctest */ = {isa = PBXFileReference; explicitFileType = wrapper.cfbundle; includeInIndex = 0; path = HogwartsUITests.xctest; sourceTree = BUILT_PRODUCTS_DIR; };
		9FFECC822B4DBC980046174D /* HogwartsUITests.swift */ = {isa = PBXFileReference; lastKnownFileType = sourcecode.swift; path = HogwartsUITests.swift; sourceTree = "<group>"; };
		9FFECC842B4DBC980046174D /* HogwartsUITestsLaunchTests.swift */ = {isa = PBXFileReference; lastKnownFileType = sourcecode.swift; path = HogwartsUITestsLaunchTests.swift; sourceTree = "<group>"; };
		9FFECC982B4DC0300046174D /* HomeView.swift */ = {isa = PBXFileReference; lastKnownFileType = sourcecode.swift; path = HomeView.swift; sourceTree = "<group>"; };
		9FFECC9C2B4DC1020046174D /* HTTPMethod.swift */ = {isa = PBXFileReference; lastKnownFileType = sourcecode.swift; path = HTTPMethod.swift; sourceTree = "<group>"; };
		9FFECC9E2B4DC1310046174D /* Endpoint.swift */ = {isa = PBXFileReference; lastKnownFileType = sourcecode.swift; path = Endpoint.swift; sourceTree = "<group>"; };
		9FFECCA02B4DC5170046174D /* RequestError.swift */ = {isa = PBXFileReference; lastKnownFileType = sourcecode.swift; path = RequestError.swift; sourceTree = "<group>"; };
		9FFECCA32B4DC5420046174D /* ResponseValidatorProtocol.swift */ = {isa = PBXFileReference; lastKnownFileType = sourcecode.swift; path = ResponseValidatorProtocol.swift; sourceTree = "<group>"; };
		9FFECCA52B4DC5550046174D /* ResponseValidator.swift */ = {isa = PBXFileReference; lastKnownFileType = sourcecode.swift; path = ResponseValidator.swift; sourceTree = "<group>"; };
		9FFECCA92B4DC58F0046174D /* CustomJSONDecoder.swift */ = {isa = PBXFileReference; lastKnownFileType = sourcecode.swift; path = CustomJSONDecoder.swift; sourceTree = "<group>"; };
		9FFECCAB2B4DC60E0046174D /* HTTPClient.swift */ = {isa = PBXFileReference; lastKnownFileType = sourcecode.swift; path = HTTPClient.swift; sourceTree = "<group>"; };
		9FFECCB02B4DCF440046174D /* CharacterEndoint.swift */ = {isa = PBXFileReference; lastKnownFileType = sourcecode.swift; path = CharacterEndoint.swift; sourceTree = "<group>"; };
		9FFECCB22B4DCF760046174D /* SpellEndpoint.swift */ = {isa = PBXFileReference; lastKnownFileType = sourcecode.swift; path = SpellEndpoint.swift; sourceTree = "<group>"; };
		9FFECCB52B4DD0660046174D /* CharacterRepository.swift */ = {isa = PBXFileReference; lastKnownFileType = sourcecode.swift; path = CharacterRepository.swift; sourceTree = "<group>"; };
		9FFECCB92B4DD0A00046174D /* CharacterModel.swift */ = {isa = PBXFileReference; lastKnownFileType = sourcecode.swift; path = CharacterModel.swift; sourceTree = "<group>"; };
		9FFECCBC2B4DD0D80046174D /* URLOptionalWrapper.swift */ = {isa = PBXFileReference; lastKnownFileType = sourcecode.swift; path = URLOptionalWrapper.swift; sourceTree = "<group>"; };
		9FFECCBE2B4DD10B0046174D /* WandModel.swift */ = {isa = PBXFileReference; lastKnownFileType = sourcecode.swift; path = WandModel.swift; sourceTree = "<group>"; };
		9FFECCC12B4DD23D0046174D /* SpellModel.swift */ = {isa = PBXFileReference; lastKnownFileType = sourcecode.swift; path = SpellModel.swift; sourceTree = "<group>"; };
		9FFECCC32B4DD2FF0046174D /* SpellRepository.swift */ = {isa = PBXFileReference; lastKnownFileType = sourcecode.swift; path = SpellRepository.swift; sourceTree = "<group>"; };
/* End PBXFileReference section */

/* Begin PBXFrameworksBuildPhase section */
		9FFECC5C2B4DBC950046174D /* Frameworks */ = {
			isa = PBXFrameworksBuildPhase;
			buildActionMask = 2147483647;
			files = (
			);
			runOnlyForDeploymentPostprocessing = 0;
		};
		9FFECC712B4DBC980046174D /* Frameworks */ = {
			isa = PBXFrameworksBuildPhase;
			buildActionMask = 2147483647;
			files = (
			);
			runOnlyForDeploymentPostprocessing = 0;
		};
		9FFECC7B2B4DBC980046174D /* Frameworks */ = {
			isa = PBXFrameworksBuildPhase;
			buildActionMask = 2147483647;
			files = (
			);
			runOnlyForDeploymentPostprocessing = 0;
		};
/* End PBXFrameworksBuildPhase section */

/* Begin PBXGroup section */
		9FFECC562B4DBC950046174D = {
			isa = PBXGroup;
			children = (
				9FFECC612B4DBC950046174D /* Hogwarts */,
				9FFECC772B4DBC980046174D /* HogwartsTests */,
				9FFECC812B4DBC980046174D /* HogwartsUITests */,
				9FFECC602B4DBC950046174D /* Products */,
			);
			sourceTree = "<group>";
		};
		9FFECC602B4DBC950046174D /* Products */ = {
			isa = PBXGroup;
			children = (
				9FFECC5F2B4DBC950046174D /* Hogwarts.app */,
				9FFECC742B4DBC980046174D /* HogwartsTests.xctest */,
				9FFECC7E2B4DBC980046174D /* HogwartsUITests.xctest */,
			);
			name = Products;
			sourceTree = "<group>";
		};
		9FFECC612B4DBC950046174D /* Hogwarts */ = {
			isa = PBXGroup;
			children = (
				9FFECC922B4DBF0F0046174D /* Modules */,
				9FFECCAD2B4DCF110046174D /* Data */,
				9FFECC912B4DBF050046174D /* App */,
				9FFECCA72B4DC56C0046174D /* Utilities */,
				9FFECC9A2B4DC0D80046174D /* Networking */,
				9FFECC932B4DBF150046174D /* Resources */,
				9FFECC682B4DBC970046174D /* Preview Content */,
			);
			path = Hogwarts;
			sourceTree = "<group>";
		};
		9FFECC682B4DBC970046174D /* Preview Content */ = {
			isa = PBXGroup;
			children = (
				9FFECC692B4DBC970046174D /* Preview Assets.xcassets */,
			);
			path = "Preview Content";
			sourceTree = "<group>";
		};
		9FFECC772B4DBC980046174D /* HogwartsTests */ = {
			isa = PBXGroup;
			children = (
				9FFECC782B4DBC980046174D /* HogwartsTests.swift */,
			);
			path = HogwartsTests;
			sourceTree = "<group>";
		};
		9FFECC812B4DBC980046174D /* HogwartsUITests */ = {
			isa = PBXGroup;
			children = (
				9FFECC822B4DBC980046174D /* HogwartsUITests.swift */,
				9FFECC842B4DBC980046174D /* HogwartsUITestsLaunchTests.swift */,
			);
			path = HogwartsUITests;
			sourceTree = "<group>";
		};
		9FFECC912B4DBF050046174D /* App */ = {
			isa = PBXGroup;
			children = (
				9FFECC622B4DBC950046174D /* HogwartsApp.swift */,
			);
			path = App;
			sourceTree = "<group>";
		};
		9FFECC922B4DBF0F0046174D /* Modules */ = {
			isa = PBXGroup;
			children = (
				9FFECC962B4DBFF00046174D /* Home */,
				9FFECC972B4DC0090046174D /* Character */,
			);
			path = Modules;
			sourceTree = "<group>";
		};
		9FFECC932B4DBF150046174D /* Resources */ = {
			isa = PBXGroup;
			children = (
				9FFECC952B4DBFB20046174D /* CoreData */,
				9FFECC942B4DBF530046174D /* Assets */,
			);
			path = Resources;
			sourceTree = "<group>";
		};
		9FFECC942B4DBF530046174D /* Assets */ = {
			isa = PBXGroup;
			children = (
				9FFECC662B4DBC970046174D /* Assets.xcassets */,
			);
			path = Assets;
			sourceTree = "<group>";
		};
		9FFECC952B4DBFB20046174D /* CoreData */ = {
			isa = PBXGroup;
			children = (
				9FFECC6B2B4DBC970046174D /* Persistence.swift */,
				9FFECC6D2B4DBC970046174D /* Hogwarts.xcdatamodeld */,
			);
			path = CoreData;
			sourceTree = "<group>";
		};
		9FFECC962B4DBFF00046174D /* Home */ = {
			isa = PBXGroup;
			children = (
				9FFECC982B4DC0300046174D /* HomeView.swift */,
			);
			path = Home;
			sourceTree = "<group>";
		};
		9FFECC972B4DC0090046174D /* Character */ = {
			isa = PBXGroup;
			children = (
			);
			path = Character;
			sourceTree = "<group>";
		};
		9FFECC9A2B4DC0D80046174D /* Networking */ = {
			isa = PBXGroup;
			children = (
				9FFECCA22B4DC52A0046174D /* ResponseValidator */,
				9FFECC9B2B4DC0F40046174D /* Base */,
			);
			path = Networking;
			sourceTree = "<group>";
		};
		9FFECC9B2B4DC0F40046174D /* Base */ = {
			isa = PBXGroup;
			children = (
				9FFECC9E2B4DC1310046174D /* Endpoint.swift */,
				9FFECCA02B4DC5170046174D /* RequestError.swift */,
				9FFECC9C2B4DC1020046174D /* HTTPMethod.swift */,
				9FFECCAB2B4DC60E0046174D /* HTTPClient.swift */,
			);
			path = Base;
			sourceTree = "<group>";
		};
		9FFECCA22B4DC52A0046174D /* ResponseValidator */ = {
			isa = PBXGroup;
			children = (
				9FFECCA32B4DC5420046174D /* ResponseValidatorProtocol.swift */,
				9FFECCA52B4DC5550046174D /* ResponseValidator.swift */,
			);
			path = ResponseValidator;
			sourceTree = "<group>";
		};
		9FFECCA72B4DC56C0046174D /* Utilities */ = {
			isa = PBXGroup;
			children = (
				9FFECCBB2B4DD0B30046174D /* PropertyWrapper */,
				9FFECCA82B4DC5830046174D /* JSONDecoder */,
			);
			path = Utilities;
			sourceTree = "<group>";
		};
		9FFECCA82B4DC5830046174D /* JSONDecoder */ = {
			isa = PBXGroup;
			children = (
				9FFECCA92B4DC58F0046174D /* CustomJSONDecoder.swift */,
			);
			path = JSONDecoder;
			sourceTree = "<group>";
		};
		9FFECCAD2B4DCF110046174D /* Data */ = {
			isa = PBXGroup;
			children = (
				9FFECCB72B4DD0830046174D /* Models */,
				9FFECCAE2B4DCF290046174D /* Networking */,
			);
			path = Data;
			sourceTree = "<group>";
		};
		9FFECCAE2B4DCF290046174D /* Networking */ = {
			isa = PBXGroup;
			children = (
				9FFECCAF2B4DCF340046174D /* Endpoints */,
				9FFECCB42B4DD0410046174D /* Repositories */,
			);
			path = Networking;
			sourceTree = "<group>";
		};
		9FFECCAF2B4DCF340046174D /* Endpoints */ = {
			isa = PBXGroup;
			children = (
				9FFECCB02B4DCF440046174D /* CharacterEndoint.swift */,
				9FFECCB22B4DCF760046174D /* SpellEndpoint.swift */,
			);
			path = Endpoints;
			sourceTree = "<group>";
		};
		9FFECCB42B4DD0410046174D /* Repositories */ = {
			isa = PBXGroup;
			children = (
				9FFECCB52B4DD0660046174D /* CharacterRepository.swift */,
				9FFECCC32B4DD2FF0046174D /* SpellRepository.swift */,
			);
			path = Repositories;
			sourceTree = "<group>";
		};
		9FFECCB72B4DD0830046174D /* Models */ = {
			isa = PBXGroup;
			children = (
				9FFECCB82B4DD0950046174D /* Character */,
				9FFECCC02B4DD1F10046174D /* Spell */,
			);
			path = Models;
			sourceTree = "<group>";
		};
		9FFECCB82B4DD0950046174D /* Character */ = {
			isa = PBXGroup;
			children = (
				9FFECCB92B4DD0A00046174D /* CharacterModel.swift */,
				9FFECCBE2B4DD10B0046174D /* WandModel.swift */,
			);
			path = Character;
			sourceTree = "<group>";
		};
		9FFECCBB2B4DD0B30046174D /* PropertyWrapper */ = {
			isa = PBXGroup;
			children = (
				9FFECCBC2B4DD0D80046174D /* URLOptionalWrapper.swift */,
			);
			path = PropertyWrapper;
			sourceTree = "<group>";
		};
		9FFECCC02B4DD1F10046174D /* Spell */ = {
			isa = PBXGroup;
			children = (
				9FFECCC12B4DD23D0046174D /* SpellModel.swift */,
			);
			path = Spell;
			sourceTree = "<group>";
		};
/* End PBXGroup section */

/* Begin PBXNativeTarget section */
		9FFECC5E2B4DBC950046174D /* Hogwarts */ = {
			isa = PBXNativeTarget;
			buildConfigurationList = 9FFECC882B4DBC980046174D /* Build configuration list for PBXNativeTarget "Hogwarts" */;
			buildPhases = (
				9FFECC5B2B4DBC950046174D /* Sources */,
				9FFECC5C2B4DBC950046174D /* Frameworks */,
				9FFECC5D2B4DBC950046174D /* Resources */,
			);
			buildRules = (
			);
			dependencies = (
			);
			name = Hogwarts;
			productName = Hogwarts;
			productReference = 9FFECC5F2B4DBC950046174D /* Hogwarts.app */;
			productType = "com.apple.product-type.application";
		};
		9FFECC732B4DBC980046174D /* HogwartsTests */ = {
			isa = PBXNativeTarget;
			buildConfigurationList = 9FFECC8B2B4DBC980046174D /* Build configuration list for PBXNativeTarget "HogwartsTests" */;
			buildPhases = (
				9FFECC702B4DBC980046174D /* Sources */,
				9FFECC712B4DBC980046174D /* Frameworks */,
				9FFECC722B4DBC980046174D /* Resources */,
			);
			buildRules = (
			);
			dependencies = (
				9FFECC762B4DBC980046174D /* PBXTargetDependency */,
			);
			name = HogwartsTests;
			productName = HogwartsTests;
			productReference = 9FFECC742B4DBC980046174D /* HogwartsTests.xctest */;
			productType = "com.apple.product-type.bundle.unit-test";
		};
		9FFECC7D2B4DBC980046174D /* HogwartsUITests */ = {
			isa = PBXNativeTarget;
			buildConfigurationList = 9FFECC8E2B4DBC980046174D /* Build configuration list for PBXNativeTarget "HogwartsUITests" */;
			buildPhases = (
				9FFECC7A2B4DBC980046174D /* Sources */,
				9FFECC7B2B4DBC980046174D /* Frameworks */,
				9FFECC7C2B4DBC980046174D /* Resources */,
			);
			buildRules = (
			);
			dependencies = (
				9FFECC802B4DBC980046174D /* PBXTargetDependency */,
			);
			name = HogwartsUITests;
			productName = HogwartsUITests;
			productReference = 9FFECC7E2B4DBC980046174D /* HogwartsUITests.xctest */;
			productType = "com.apple.product-type.bundle.ui-testing";
		};
/* End PBXNativeTarget section */

/* Begin PBXProject section */
		9FFECC572B4DBC950046174D /* Project object */ = {
			isa = PBXProject;
			attributes = {
				BuildIndependentTargetsInParallel = 1;
				LastSwiftUpdateCheck = 1510;
				LastUpgradeCheck = 1510;
				TargetAttributes = {
					9FFECC5E2B4DBC950046174D = {
						CreatedOnToolsVersion = 15.1;
					};
					9FFECC732B4DBC980046174D = {
						CreatedOnToolsVersion = 15.1;
						TestTargetID = 9FFECC5E2B4DBC950046174D;
					};
					9FFECC7D2B4DBC980046174D = {
						CreatedOnToolsVersion = 15.1;
						TestTargetID = 9FFECC5E2B4DBC950046174D;
					};
				};
			};
			buildConfigurationList = 9FFECC5A2B4DBC950046174D /* Build configuration list for PBXProject "Hogwarts" */;
			compatibilityVersion = "Xcode 14.0";
			developmentRegion = en;
			hasScannedForEncodings = 0;
			knownRegions = (
				en,
				Base,
			);
			mainGroup = 9FFECC562B4DBC950046174D;
			productRefGroup = 9FFECC602B4DBC950046174D /* Products */;
			projectDirPath = "";
			projectRoot = "";
			targets = (
				9FFECC5E2B4DBC950046174D /* Hogwarts */,
				9FFECC732B4DBC980046174D /* HogwartsTests */,
				9FFECC7D2B4DBC980046174D /* HogwartsUITests */,
			);
		};
/* End PBXProject section */

/* Begin PBXResourcesBuildPhase section */
		9FFECC5D2B4DBC950046174D /* Resources */ = {
			isa = PBXResourcesBuildPhase;
			buildActionMask = 2147483647;
			files = (
				9FFECC6A2B4DBC970046174D /* Preview Assets.xcassets in Resources */,
				9FFECC672B4DBC970046174D /* Assets.xcassets in Resources */,
			);
			runOnlyForDeploymentPostprocessing = 0;
		};
		9FFECC722B4DBC980046174D /* Resources */ = {
			isa = PBXResourcesBuildPhase;
			buildActionMask = 2147483647;
			files = (
			);
			runOnlyForDeploymentPostprocessing = 0;
		};
		9FFECC7C2B4DBC980046174D /* Resources */ = {
			isa = PBXResourcesBuildPhase;
			buildActionMask = 2147483647;
			files = (
			);
			runOnlyForDeploymentPostprocessing = 0;
		};
/* End PBXResourcesBuildPhase section */

/* Begin PBXSourcesBuildPhase section */
		9FFECC5B2B4DBC950046174D /* Sources */ = {
			isa = PBXSourcesBuildPhase;
			buildActionMask = 2147483647;
			files = (
				9FFECCB32B4DCF760046174D /* SpellEndpoint.swift in Sources */,
				9FFECCA62B4DC5550046174D /* ResponseValidator.swift in Sources */,
				9FFECCA12B4DC5170046174D /* RequestError.swift in Sources */,
				9FFECCA42B4DC5420046174D /* ResponseValidatorProtocol.swift in Sources */,
				9FFECC6F2B4DBC970046174D /* Hogwarts.xcdatamodeld in Sources */,
				9FFECC6C2B4DBC970046174D /* Persistence.swift in Sources */,
				9FFECCBA2B4DD0A00046174D /* CharacterModel.swift in Sources */,
				9FFECC992B4DC0300046174D /* HomeView.swift in Sources */,
				9FFECCAC2B4DC60E0046174D /* HTTPClient.swift in Sources */,
				9FFECCB12B4DCF440046174D /* CharacterEndoint.swift in Sources */,
				9FFECC9D2B4DC1020046174D /* HTTPMethod.swift in Sources */,
				9FFECCAA2B4DC5900046174D /* CustomJSONDecoder.swift in Sources */,
				9FFECCBF2B4DD10B0046174D /* WandModel.swift in Sources */,
				9FFECCB62B4DD0660046174D /* CharacterRepository.swift in Sources */,
				9FFECCC22B4DD23D0046174D /* SpellModel.swift in Sources */,
				9FFECCBD2B4DD0D80046174D /* URLOptionalWrapper.swift in Sources */,
				9FFECC9F2B4DC1310046174D /* Endpoint.swift in Sources */,
				9FFECCC42B4DD2FF0046174D /* SpellRepository.swift in Sources */,
				9FFECC632B4DBC950046174D /* HogwartsApp.swift in Sources */,
			);
			runOnlyForDeploymentPostprocessing = 0;
		};
		9FFECC702B4DBC980046174D /* Sources */ = {
			isa = PBXSourcesBuildPhase;
			buildActionMask = 2147483647;
			files = (
				9FFECC792B4DBC980046174D /* HogwartsTests.swift in Sources */,
			);
			runOnlyForDeploymentPostprocessing = 0;
		};
		9FFECC7A2B4DBC980046174D /* Sources */ = {
			isa = PBXSourcesBuildPhase;
			buildActionMask = 2147483647;
			files = (
				9FFECC852B4DBC980046174D /* HogwartsUITestsLaunchTests.swift in Sources */,
				9FFECC832B4DBC980046174D /* HogwartsUITests.swift in Sources */,
			);
			runOnlyForDeploymentPostprocessing = 0;
		};
/* End PBXSourcesBuildPhase section */

/* Begin PBXTargetDependency section */
		9FFECC762B4DBC980046174D /* PBXTargetDependency */ = {
			isa = PBXTargetDependency;
			target = 9FFECC5E2B4DBC950046174D /* Hogwarts */;
			targetProxy = 9FFECC752B4DBC980046174D /* PBXContainerItemProxy */;
		};
		9FFECC802B4DBC980046174D /* PBXTargetDependency */ = {
			isa = PBXTargetDependency;
			target = 9FFECC5E2B4DBC950046174D /* Hogwarts */;
			targetProxy = 9FFECC7F2B4DBC980046174D /* PBXContainerItemProxy */;
		};
/* End PBXTargetDependency section */

/* Begin XCBuildConfiguration section */
		9FFECC862B4DBC980046174D /* Debug */ = {
			isa = XCBuildConfiguration;
			buildSettings = {
				ALWAYS_SEARCH_USER_PATHS = NO;
				ASSETCATALOG_COMPILER_GENERATE_SWIFT_ASSET_SYMBOL_EXTENSIONS = YES;
				CLANG_ANALYZER_NONNULL = YES;
				CLANG_ANALYZER_NUMBER_OBJECT_CONVERSION = YES_AGGRESSIVE;
				CLANG_CXX_LANGUAGE_STANDARD = "gnu++20";
				CLANG_ENABLE_MODULES = YES;
				CLANG_ENABLE_OBJC_ARC = YES;
				CLANG_ENABLE_OBJC_WEAK = YES;
				CLANG_WARN_BLOCK_CAPTURE_AUTORELEASING = YES;
				CLANG_WARN_BOOL_CONVERSION = YES;
				CLANG_WARN_COMMA = YES;
				CLANG_WARN_CONSTANT_CONVERSION = YES;
				CLANG_WARN_DEPRECATED_OBJC_IMPLEMENTATIONS = YES;
				CLANG_WARN_DIRECT_OBJC_ISA_USAGE = YES_ERROR;
				CLANG_WARN_DOCUMENTATION_COMMENTS = YES;
				CLANG_WARN_EMPTY_BODY = YES;
				CLANG_WARN_ENUM_CONVERSION = YES;
				CLANG_WARN_INFINITE_RECURSION = YES;
				CLANG_WARN_INT_CONVERSION = YES;
				CLANG_WARN_NON_LITERAL_NULL_CONVERSION = YES;
				CLANG_WARN_OBJC_IMPLICIT_RETAIN_SELF = YES;
				CLANG_WARN_OBJC_LITERAL_CONVERSION = YES;
				CLANG_WARN_OBJC_ROOT_CLASS = YES_ERROR;
				CLANG_WARN_QUOTED_INCLUDE_IN_FRAMEWORK_HEADER = YES;
				CLANG_WARN_RANGE_LOOP_ANALYSIS = YES;
				CLANG_WARN_STRICT_PROTOTYPES = YES;
				CLANG_WARN_SUSPICIOUS_MOVE = YES;
				CLANG_WARN_UNGUARDED_AVAILABILITY = YES_AGGRESSIVE;
				CLANG_WARN_UNREACHABLE_CODE = YES;
				CLANG_WARN__DUPLICATE_METHOD_MATCH = YES;
				COPY_PHASE_STRIP = NO;
				DEBUG_INFORMATION_FORMAT = dwarf;
				ENABLE_STRICT_OBJC_MSGSEND = YES;
				ENABLE_TESTABILITY = YES;
				ENABLE_USER_SCRIPT_SANDBOXING = YES;
				GCC_C_LANGUAGE_STANDARD = gnu17;
				GCC_DYNAMIC_NO_PIC = NO;
				GCC_NO_COMMON_BLOCKS = YES;
				GCC_OPTIMIZATION_LEVEL = 0;
				GCC_PREPROCESSOR_DEFINITIONS = (
					"DEBUG=1",
					"$(inherited)",
				);
				GCC_WARN_64_TO_32_BIT_CONVERSION = YES;
				GCC_WARN_ABOUT_RETURN_TYPE = YES_ERROR;
				GCC_WARN_UNDECLARED_SELECTOR = YES;
				GCC_WARN_UNINITIALIZED_AUTOS = YES_AGGRESSIVE;
				GCC_WARN_UNUSED_FUNCTION = YES;
				GCC_WARN_UNUSED_VARIABLE = YES;
				IPHONEOS_DEPLOYMENT_TARGET = 17.2;
				LOCALIZATION_PREFERS_STRING_CATALOGS = YES;
				MTL_ENABLE_DEBUG_INFO = INCLUDE_SOURCE;
				MTL_FAST_MATH = YES;
				ONLY_ACTIVE_ARCH = YES;
				SDKROOT = iphoneos;
				SWIFT_ACTIVE_COMPILATION_CONDITIONS = "DEBUG $(inherited)";
				SWIFT_OPTIMIZATION_LEVEL = "-Onone";
			};
			name = Debug;
		};
		9FFECC872B4DBC980046174D /* Release */ = {
			isa = XCBuildConfiguration;
			buildSettings = {
				ALWAYS_SEARCH_USER_PATHS = NO;
				ASSETCATALOG_COMPILER_GENERATE_SWIFT_ASSET_SYMBOL_EXTENSIONS = YES;
				CLANG_ANALYZER_NONNULL = YES;
				CLANG_ANALYZER_NUMBER_OBJECT_CONVERSION = YES_AGGRESSIVE;
				CLANG_CXX_LANGUAGE_STANDARD = "gnu++20";
				CLANG_ENABLE_MODULES = YES;
				CLANG_ENABLE_OBJC_ARC = YES;
				CLANG_ENABLE_OBJC_WEAK = YES;
				CLANG_WARN_BLOCK_CAPTURE_AUTORELEASING = YES;
				CLANG_WARN_BOOL_CONVERSION = YES;
				CLANG_WARN_COMMA = YES;
				CLANG_WARN_CONSTANT_CONVERSION = YES;
				CLANG_WARN_DEPRECATED_OBJC_IMPLEMENTATIONS = YES;
				CLANG_WARN_DIRECT_OBJC_ISA_USAGE = YES_ERROR;
				CLANG_WARN_DOCUMENTATION_COMMENTS = YES;
				CLANG_WARN_EMPTY_BODY = YES;
				CLANG_WARN_ENUM_CONVERSION = YES;
				CLANG_WARN_INFINITE_RECURSION = YES;
				CLANG_WARN_INT_CONVERSION = YES;
				CLANG_WARN_NON_LITERAL_NULL_CONVERSION = YES;
				CLANG_WARN_OBJC_IMPLICIT_RETAIN_SELF = YES;
				CLANG_WARN_OBJC_LITERAL_CONVERSION = YES;
				CLANG_WARN_OBJC_ROOT_CLASS = YES_ERROR;
				CLANG_WARN_QUOTED_INCLUDE_IN_FRAMEWORK_HEADER = YES;
				CLANG_WARN_RANGE_LOOP_ANALYSIS = YES;
				CLANG_WARN_STRICT_PROTOTYPES = YES;
				CLANG_WARN_SUSPICIOUS_MOVE = YES;
				CLANG_WARN_UNGUARDED_AVAILABILITY = YES_AGGRESSIVE;
				CLANG_WARN_UNREACHABLE_CODE = YES;
				CLANG_WARN__DUPLICATE_METHOD_MATCH = YES;
				COPY_PHASE_STRIP = NO;
				DEBUG_INFORMATION_FORMAT = "dwarf-with-dsym";
				ENABLE_NS_ASSERTIONS = NO;
				ENABLE_STRICT_OBJC_MSGSEND = YES;
				ENABLE_USER_SCRIPT_SANDBOXING = YES;
				GCC_C_LANGUAGE_STANDARD = gnu17;
				GCC_NO_COMMON_BLOCKS = YES;
				GCC_WARN_64_TO_32_BIT_CONVERSION = YES;
				GCC_WARN_ABOUT_RETURN_TYPE = YES_ERROR;
				GCC_WARN_UNDECLARED_SELECTOR = YES;
				GCC_WARN_UNINITIALIZED_AUTOS = YES_AGGRESSIVE;
				GCC_WARN_UNUSED_FUNCTION = YES;
				GCC_WARN_UNUSED_VARIABLE = YES;
				IPHONEOS_DEPLOYMENT_TARGET = 17.2;
				LOCALIZATION_PREFERS_STRING_CATALOGS = YES;
				MTL_ENABLE_DEBUG_INFO = NO;
				MTL_FAST_MATH = YES;
				SDKROOT = iphoneos;
				SWIFT_COMPILATION_MODE = wholemodule;
				VALIDATE_PRODUCT = YES;
			};
			name = Release;
		};
		9FFECC892B4DBC980046174D /* Debug */ = {
			isa = XCBuildConfiguration;
			buildSettings = {
				ASSETCATALOG_COMPILER_APPICON_NAME = AppIcon;
				ASSETCATALOG_COMPILER_GLOBAL_ACCENT_COLOR_NAME = AccentColor;
				CODE_SIGN_STYLE = Automatic;
				CURRENT_PROJECT_VERSION = 1;
				DEVELOPMENT_ASSET_PATHS = "\"Hogwarts/Preview Content\"";
				ENABLE_PREVIEWS = YES;
				GENERATE_INFOPLIST_FILE = YES;
				INFOPLIST_KEY_UIApplicationSceneManifest_Generation = YES;
				INFOPLIST_KEY_UIApplicationSupportsIndirectInputEvents = YES;
				INFOPLIST_KEY_UILaunchScreen_Generation = YES;
				INFOPLIST_KEY_UISupportedInterfaceOrientations = UIInterfaceOrientationPortrait;
				IPHONEOS_DEPLOYMENT_TARGET = 17.0;
				LD_RUNPATH_SEARCH_PATHS = (
					"$(inherited)",
					"@executable_path/Frameworks",
				);
				MARKETING_VERSION = 1.0;
				PRODUCT_BUNDLE_IDENTIFIER = com.mirzamani.Hogwarts;
				PRODUCT_NAME = "$(TARGET_NAME)";
				SUPPORTED_PLATFORMS = "iphoneos iphonesimulator";
				SUPPORTS_MACCATALYST = NO;
				SWIFT_EMIT_LOC_STRINGS = YES;
				SWIFT_VERSION = 5.0;
				TARGETED_DEVICE_FAMILY = 1;
			};
			name = Debug;
		};
		9FFECC8A2B4DBC980046174D /* Release */ = {
			isa = XCBuildConfiguration;
			buildSettings = {
				ASSETCATALOG_COMPILER_APPICON_NAME = AppIcon;
				ASSETCATALOG_COMPILER_GLOBAL_ACCENT_COLOR_NAME = AccentColor;
				CODE_SIGN_STYLE = Automatic;
				CURRENT_PROJECT_VERSION = 1;
				DEVELOPMENT_ASSET_PATHS = "\"Hogwarts/Preview Content\"";
				ENABLE_PREVIEWS = YES;
				GENERATE_INFOPLIST_FILE = YES;
				INFOPLIST_KEY_UIApplicationSceneManifest_Generation = YES;
				INFOPLIST_KEY_UIApplicationSupportsIndirectInputEvents = YES;
				INFOPLIST_KEY_UILaunchScreen_Generation = YES;
				INFOPLIST_KEY_UISupportedInterfaceOrientations = UIInterfaceOrientationPortrait;
				IPHONEOS_DEPLOYMENT_TARGET = 17.0;
				LD_RUNPATH_SEARCH_PATHS = (
					"$(inherited)",
					"@executable_path/Frameworks",
				);
				MARKETING_VERSION = 1.0;
				PRODUCT_BUNDLE_IDENTIFIER = com.mirzamani.Hogwarts;
				PRODUCT_NAME = "$(TARGET_NAME)";
				SUPPORTED_PLATFORMS = "iphoneos iphonesimulator";
				SUPPORTS_MACCATALYST = NO;
				SWIFT_EMIT_LOC_STRINGS = YES;
				SWIFT_VERSION = 5.0;
				TARGETED_DEVICE_FAMILY = 1;
			};
			name = Release;
		};
		9FFECC8C2B4DBC980046174D /* Debug */ = {
			isa = XCBuildConfiguration;
			buildSettings = {
				ALWAYS_EMBED_SWIFT_STANDARD_LIBRARIES = YES;
				BUNDLE_LOADER = "$(TEST_HOST)";
				CODE_SIGN_STYLE = Automatic;
				CURRENT_PROJECT_VERSION = 1;
				GENERATE_INFOPLIST_FILE = YES;
				IPHONEOS_DEPLOYMENT_TARGET = 17.2;
				MARKETING_VERSION = 1.0;
				PRODUCT_BUNDLE_IDENTIFIER = com.mirzamani.HogwartsTests;
				PRODUCT_NAME = "$(TARGET_NAME)";
				SWIFT_EMIT_LOC_STRINGS = NO;
				SWIFT_VERSION = 5.0;
				TARGETED_DEVICE_FAMILY = "1,2";
				TEST_HOST = "$(BUILT_PRODUCTS_DIR)/Hogwarts.app/$(BUNDLE_EXECUTABLE_FOLDER_PATH)/Hogwarts";
			};
			name = Debug;
		};
		9FFECC8D2B4DBC980046174D /* Release */ = {
			isa = XCBuildConfiguration;
			buildSettings = {
				ALWAYS_EMBED_SWIFT_STANDARD_LIBRARIES = YES;
				BUNDLE_LOADER = "$(TEST_HOST)";
				CODE_SIGN_STYLE = Automatic;
				CURRENT_PROJECT_VERSION = 1;
				GENERATE_INFOPLIST_FILE = YES;
				IPHONEOS_DEPLOYMENT_TARGET = 17.2;
				MARKETING_VERSION = 1.0;
				PRODUCT_BUNDLE_IDENTIFIER = com.mirzamani.HogwartsTests;
				PRODUCT_NAME = "$(TARGET_NAME)";
				SWIFT_EMIT_LOC_STRINGS = NO;
				SWIFT_VERSION = 5.0;
				TARGETED_DEVICE_FAMILY = "1,2";
				TEST_HOST = "$(BUILT_PRODUCTS_DIR)/Hogwarts.app/$(BUNDLE_EXECUTABLE_FOLDER_PATH)/Hogwarts";
			};
			name = Release;
		};
		9FFECC8F2B4DBC980046174D /* Debug */ = {
			isa = XCBuildConfiguration;
			buildSettings = {
				ALWAYS_EMBED_SWIFT_STANDARD_LIBRARIES = YES;
				CODE_SIGN_STYLE = Automatic;
				CURRENT_PROJECT_VERSION = 1;
				GENERATE_INFOPLIST_FILE = YES;
				MARKETING_VERSION = 1.0;
				PRODUCT_BUNDLE_IDENTIFIER = com.mirzamani.HogwartsUITests;
				PRODUCT_NAME = "$(TARGET_NAME)";
				SWIFT_EMIT_LOC_STRINGS = NO;
				SWIFT_VERSION = 5.0;
				TARGETED_DEVICE_FAMILY = "1,2";
				TEST_TARGET_NAME = Hogwarts;
			};
			name = Debug;
		};
		9FFECC902B4DBC980046174D /* Release */ = {
			isa = XCBuildConfiguration;
			buildSettings = {
				ALWAYS_EMBED_SWIFT_STANDARD_LIBRARIES = YES;
				CODE_SIGN_STYLE = Automatic;
				CURRENT_PROJECT_VERSION = 1;
				GENERATE_INFOPLIST_FILE = YES;
				MARKETING_VERSION = 1.0;
				PRODUCT_BUNDLE_IDENTIFIER = com.mirzamani.HogwartsUITests;
				PRODUCT_NAME = "$(TARGET_NAME)";
				SWIFT_EMIT_LOC_STRINGS = NO;
				SWIFT_VERSION = 5.0;
				TARGETED_DEVICE_FAMILY = "1,2";
				TEST_TARGET_NAME = Hogwarts;
			};
			name = Release;
		};
/* End XCBuildConfiguration section */

/* Begin XCConfigurationList section */
		9FFECC5A2B4DBC950046174D /* Build configuration list for PBXProject "Hogwarts" */ = {
			isa = XCConfigurationList;
			buildConfigurations = (
				9FFECC862B4DBC980046174D /* Debug */,
				9FFECC872B4DBC980046174D /* Release */,
			);
			defaultConfigurationIsVisible = 0;
			defaultConfigurationName = Release;
		};
		9FFECC882B4DBC980046174D /* Build configuration list for PBXNativeTarget "Hogwarts" */ = {
			isa = XCConfigurationList;
			buildConfigurations = (
				9FFECC892B4DBC980046174D /* Debug */,
				9FFECC8A2B4DBC980046174D /* Release */,
			);
			defaultConfigurationIsVisible = 0;
			defaultConfigurationName = Release;
		};
		9FFECC8B2B4DBC980046174D /* Build configuration list for PBXNativeTarget "HogwartsTests" */ = {
			isa = XCConfigurationList;
			buildConfigurations = (
				9FFECC8C2B4DBC980046174D /* Debug */,
				9FFECC8D2B4DBC980046174D /* Release */,
			);
			defaultConfigurationIsVisible = 0;
			defaultConfigurationName = Release;
		};
		9FFECC8E2B4DBC980046174D /* Build configuration list for PBXNativeTarget "HogwartsUITests" */ = {
			isa = XCConfigurationList;
			buildConfigurations = (
				9FFECC8F2B4DBC980046174D /* Debug */,
				9FFECC902B4DBC980046174D /* Release */,
			);
			defaultConfigurationIsVisible = 0;
			defaultConfigurationName = Release;
		};
/* End XCConfigurationList section */

/* Begin XCVersionGroup section */
		9FFECC6D2B4DBC970046174D /* Hogwarts.xcdatamodeld */ = {
			isa = XCVersionGroup;
			children = (
				9FFECC6E2B4DBC970046174D /* Hogwarts.xcdatamodel */,
			);
			currentVersion = 9FFECC6E2B4DBC970046174D /* Hogwarts.xcdatamodel */;
			path = Hogwarts.xcdatamodeld;
			sourceTree = "<group>";
			versionGroupType = wrapper.xcdatamodel;
		};
/* End XCVersionGroup section */
	};
	rootObject = 9FFECC572B4DBC950046174D /* Project object */;
}
