// !$*UTF8*$!
{
	archiveVersion = 1;
	classes = {
	};
	objectVersion = 56;
	objects = {

/* Begin PBXBuildFile section */
		9FFECC632B4DBC950046174D /* HogwartsApp.swift in Sources */ = {isa = PBXBuildFile; fileRef = 9FFECC622B4DBC950046174D /* HogwartsApp.swift */; };
		9FFECC652B4DBC950046174D /* ContentView.swift in Sources */ = {isa = PBXBuildFile; fileRef = 9FFECC642B4DBC950046174D /* ContentView.swift */; };
		9FFECC672B4DBC970046174D /* Assets.xcassets in Resources */ = {isa = PBXBuildFile; fileRef = 9FFECC662B4DBC970046174D /* Assets.xcassets */; };
		9FFECC6A2B4DBC970046174D /* Preview Assets.xcassets in Resources */ = {isa = PBXBuildFile; fileRef = 9FFECC692B4DBC970046174D /* Preview Assets.xcassets */; };
		9FFECC6C2B4DBC970046174D /* Persistence.swift in Sources */ = {isa = PBXBuildFile; fileRef = 9FFECC6B2B4DBC970046174D /* Persistence.swift */; };
		9FFECC6F2B4DBC970046174D /* Hogwarts.xcdatamodeld in Sources */ = {isa = PBXBuildFile; fileRef = 9FFECC6D2B4DBC970046174D /* Hogwarts.xcdatamodeld */; };
		9FFECC792B4DBC980046174D /* HogwartsTests.swift in Sources */ = {isa = PBXBuildFile; fileRef = 9FFECC782B4DBC980046174D /* HogwartsTests.swift */; };
		9FFECC832B4DBC980046174D /* HogwartsUITests.swift in Sources */ = {isa = PBXBuildFile; fileRef = 9FFECC822B4DBC980046174D /* HogwartsUITests.swift */; };
		9FFECC852B4DBC980046174D /* HogwartsUITestsLaunchTests.swift in Sources */ = {isa = PBXBuildFile; fileRef = 9FFECC842B4DBC980046174D /* HogwartsUITestsLaunchTests.swift */; };
/* End PBXBuildFile section */

/* Begin PBXContainerItemProxy section */
		9FFECC752B4DBC980046174D /* PBXContainerItemProxy */ = {
			isa = PBXContainerItemProxy;
			containerPortal = 9FFECC572B4DBC950046174D /* Project object */;
			proxyType = 1;
			remoteGlobalIDString = 9FFECC5E2B4DBC950046174D;
			remoteInfo = Hogwarts;
		};
		9FFECC7F2B4DBC980046174D /* PBXContainerItemProxy */ = {
			isa = PBXContainerItemProxy;
			containerPortal = 9FFECC572B4DBC950046174D /* Project object */;
			proxyType = 1;
			remoteGlobalIDString = 9FFECC5E2B4DBC950046174D;
			remoteInfo = Hogwarts;
		};
/* End PBXContainerItemProxy section */

/* Begin PBXFileReference section */
		9FFECC5F2B4DBC950046174D /* Hogwarts.app */ = {isa = PBXFileReference; explicitFileType = wrapper.application; includeInIndex = 0; path = Hogwarts.app; sourceTree = BUILT_PRODUCTS_DIR; };
		9FFECC622B4DBC950046174D /* HogwartsApp.swift */ = {isa = PBXFileReference; lastKnownFileType = sourcecode.swift; path = HogwartsApp.swift; sourceTree = "<group>"; };
		9FFECC642B4DBC950046174D /* ContentView.swift */ = {isa = PBXFileReference; lastKnownFileType = sourcecode.swift; path = ContentView.swift; sourceTree = "<group>"; };
		9FFECC662B4DBC970046174D /* Assets.xcassets */ = {isa = PBXFileReference; lastKnownFileType = folder.assetcatalog; path = Assets.xcassets; sourceTree = "<group>"; };
		9FFECC692B4DBC970046174D /* Preview Assets.xcassets */ = {isa = PBXFileReference; lastKnownFileType = folder.assetcatalog; path = "Preview Assets.xcassets"; sourceTree = "<group>"; };
		9FFECC6B2B4DBC970046174D /* Persistence.swift */ = {isa = PBXFileReference; lastKnownFileType = sourcecode.swift; path = Persistence.swift; sourceTree = "<group>"; };
		9FFECC6E2B4DBC970046174D /* Hogwarts.xcdatamodel */ = {isa = PBXFileReference; lastKnownFileType = wrapper.xcdatamodel; path = Hogwarts.xcdatamodel; sourceTree = "<group>"; };
		9FFECC742B4DBC980046174D /* HogwartsTests.xctest */ = {isa = PBXFileReference; explicitFileType = wrapper.cfbundle; includeInIndex = 0; path = HogwartsTests.xctest; sourceTree = BUILT_PRODUCTS_DIR; };
		9FFECC782B4DBC980046174D /* HogwartsTests.swift */ = {isa = PBXFileReference; lastKnownFileType = sourcecode.swift; path = HogwartsTests.swift; sourceTree = "<group>"; };
		9FFECC7E2B4DBC980046174D /* HogwartsUITests.xctest */ = {isa = PBXFileReference; explicitFileType = wrapper.cfbundle; includeInIndex = 0; path = HogwartsUITests.xctest; sourceTree = BUILT_PRODUCTS_DIR; };
		9FFECC822B4DBC980046174D /* HogwartsUITests.swift */ = {isa = PBXFileReference; lastKnownFileType = sourcecode.swift; path = HogwartsUITests.swift; sourceTree = "<group>"; };
		9FFECC842B4DBC980046174D /* HogwartsUITestsLaunchTests.swift */ = {isa = PBXFileReference; lastKnownFileType = sourcecode.swift; path = HogwartsUITestsLaunchTests.swift; sourceTree = "<group>"; };
/* End PBXFileReference section */

/* Begin PBXFrameworksBuildPhase section */
		9FFECC5C2B4DBC950046174D /* Frameworks */ = {
			isa = PBXFrameworksBuildPhase;
			buildActionMask = 2147483647;
			files = (
			);
			runOnlyForDeploymentPostprocessing = 0;
		};
		9FFECC712B4DBC980046174D /* Frameworks */ = {
			isa = PBXFrameworksBuildPhase;
			buildActionMask = 2147483647;
			files = (
			);
			runOnlyForDeploymentPostprocessing = 0;
		};
		9FFECC7B2B4DBC980046174D /* Frameworks */ = {
			isa = PBXFrameworksBuildPhase;
			buildActionMask = 2147483647;
			files = (
			);
			runOnlyForDeploymentPostprocessing = 0;
		};
/* End PBXFrameworksBuildPhase section */

/* Begin PBXGroup section */
		9FFECC562B4DBC950046174D = {
			isa = PBXGroup;
			children = (
				9FFECC612B4DBC950046174D /* Hogwarts */,
				9FFECC772B4DBC980046174D /* HogwartsTests */,
				9FFECC812B4DBC980046174D /* HogwartsUITests */,
				9FFECC602B4DBC950046174D /* Products */,
			);
			sourceTree = "<group>";
		};
		9FFECC602B4DBC950046174D /* Products */ = {
			isa = PBXGroup;
			children = (
				9FFECC5F2B4DBC950046174D /* Hogwarts.app */,
				9FFECC742B4DBC980046174D /* HogwartsTests.xctest */,
				9FFECC7E2B4DBC980046174D /* HogwartsUITests.xctest */,
			);
			name = Products;
			sourceTree = "<group>";
		};
		9FFECC612B4DBC950046174D /* Hogwarts */ = {
			isa = PBXGroup;
			children = (
				9FFECC622B4DBC950046174D /* HogwartsApp.swift */,
				9FFECC642B4DBC950046174D /* ContentView.swift */,
				9FFECC662B4DBC970046174D /* Assets.xcassets */,
				9FFECC6B2B4DBC970046174D /* Persistence.swift */,
				9FFECC6D2B4DBC970046174D /* Hogwarts.xcdatamodeld */,
				9FFECC682B4DBC970046174D /* Preview Content */,
			);
			path = Hogwarts;
			sourceTree = "<group>";
		};
		9FFECC682B4DBC970046174D /* Preview Content */ = {
			isa = PBXGroup;
			children = (
				9FFECC692B4DBC970046174D /* Preview Assets.xcassets */,
			);
			path = "Preview Content";
			sourceTree = "<group>";
		};
		9FFECC772B4DBC980046174D /* HogwartsTests */ = {
			isa = PBXGroup;
			children = (
				9FFECC782B4DBC980046174D /* HogwartsTests.swift */,
			);
			path = HogwartsTests;
			sourceTree = "<group>";
		};
		9FFECC812B4DBC980046174D /* HogwartsUITests */ = {
			isa = PBXGroup;
			children = (
				9FFECC822B4DBC980046174D /* HogwartsUITests.swift */,
				9FFECC842B4DBC980046174D /* HogwartsUITestsLaunchTests.swift */,
			);
			path = HogwartsUITests;
			sourceTree = "<group>";
		};
/* End PBXGroup section */

/* Begin PBXNativeTarget section */
		9FFECC5E2B4DBC950046174D /* Hogwarts */ = {
			isa = PBXNativeTarget;
			buildConfigurationList = 9FFECC882B4DBC980046174D /* Build configuration list for PBXNativeTarget "Hogwarts" */;
			buildPhases = (
				9FFECC5B2B4DBC950046174D /* Sources */,
				9FFECC5C2B4DBC950046174D /* Frameworks */,
				9FFECC5D2B4DBC950046174D /* Resources */,
			);
			buildRules = (
			);
			dependencies = (
			);
			name = Hogwarts;
			productName = Hogwarts;
			productReference = 9FFECC5F2B4DBC950046174D /* Hogwarts.app */;
			productType = "com.apple.product-type.application";
		};
		9FFECC732B4DBC980046174D /* HogwartsTests */ = {
			isa = PBXNativeTarget;
			buildConfigurationList = 9FFECC8B2B4DBC980046174D /* Build configuration list for PBXNativeTarget "HogwartsTests" */;
			buildPhases = (
				9FFECC702B4DBC980046174D /* Sources */,
				9FFECC712B4DBC980046174D /* Frameworks */,
				9FFECC722B4DBC980046174D /* Resources */,
			);
			buildRules = (
			);
			dependencies = (
				9FFECC762B4DBC980046174D /* PBXTargetDependency */,
			);
			name = HogwartsTests;
			productName = HogwartsTests;
			productReference = 9FFECC742B4DBC980046174D /* HogwartsTests.xctest */;
			productType = "com.apple.product-type.bundle.unit-test";
		};
		9FFECC7D2B4DBC980046174D /* HogwartsUITests */ = {
			isa = PBXNativeTarget;
			buildConfigurationList = 9FFECC8E2B4DBC980046174D /* Build configuration list for PBXNativeTarget "HogwartsUITests" */;
			buildPhases = (
				9FFECC7A2B4DBC980046174D /* Sources */,
				9FFECC7B2B4DBC980046174D /* Frameworks */,
				9FFECC7C2B4DBC980046174D /* Resources */,
			);
			buildRules = (
			);
			dependencies = (
				9FFECC802B4DBC980046174D /* PBXTargetDependency */,
			);
			name = HogwartsUITests;
			productName = HogwartsUITests;
			productReference = 9FFECC7E2B4DBC980046174D /* HogwartsUITests.xctest */;
			productType = "com.apple.product-type.bundle.ui-testing";
		};
/* End PBXNativeTarget section */

/* Begin PBXProject section */
		9FFECC572B4DBC950046174D /* Project object */ = {
			isa = PBXProject;
			attributes = {
				BuildIndependentTargetsInParallel = 1;
				LastSwiftUpdateCheck = 1510;
				LastUpgradeCheck = 1510;
				TargetAttributes = {
					9FFECC5E2B4DBC950046174D = {
						CreatedOnToolsVersion = 15.1;
					};
					9FFECC732B4DBC980046174D = {
						CreatedOnToolsVersion = 15.1;
						TestTargetID = 9FFECC5E2B4DBC950046174D;
					};
					9FFECC7D2B4DBC980046174D = {
						CreatedOnToolsVersion = 15.1;
						TestTargetID = 9FFECC5E2B4DBC950046174D;
					};
				};
			};
			buildConfigurationList = 9FFECC5A2B4DBC950046174D /* Build configuration list for PBXProject "Hogwarts" */;
			compatibilityVersion = "Xcode 14.0";
			developmentRegion = en;
			hasScannedForEncodings = 0;
			knownRegions = (
				en,
				Base,
			);
			mainGroup = 9FFECC562B4DBC950046174D;
			productRefGroup = 9FFECC602B4DBC950046174D /* Products */;
			projectDirPath = "";
			projectRoot = "";
			targets = (
				9FFECC5E2B4DBC950046174D /* Hogwarts */,
				9FFECC732B4DBC980046174D /* HogwartsTests */,
				9FFECC7D2B4DBC980046174D /* HogwartsUITests */,
			);
		};
/* End PBXProject section */

/* Begin PBXResourcesBuildPhase section */
		9FFECC5D2B4DBC950046174D /* Resources */ = {
			isa = PBXResourcesBuildPhase;
			buildActionMask = 2147483647;
			files = (
				9FFECC6A2B4DBC970046174D /* Preview Assets.xcassets in Resources */,
				9FFECC672B4DBC970046174D /* Assets.xcassets in Resources */,
			);
			runOnlyForDeploymentPostprocessing = 0;
		};
		9FFECC722B4DBC980046174D /* Resources */ = {
			isa = PBXResourcesBuildPhase;
			buildActionMask = 2147483647;
			files = (
			);
			runOnlyForDeploymentPostprocessing = 0;
		};
		9FFECC7C2B4DBC980046174D /* Resources */ = {
			isa = PBXResourcesBuildPhase;
			buildActionMask = 2147483647;
			files = (
			);
			runOnlyForDeploymentPostprocessing = 0;
		};
/* End PBXResourcesBuildPhase section */

/* Begin PBXSourcesBuildPhase section */
		9FFECC5B2B4DBC950046174D /* Sources */ = {
			isa = PBXSourcesBuildPhase;
			buildActionMask = 2147483647;
			files = (
				9FFECC6F2B4DBC970046174D /* Hogwarts.xcdatamodeld in Sources */,
				9FFECC6C2B4DBC970046174D /* Persistence.swift in Sources */,
				9FFECC652B4DBC950046174D /* ContentView.swift in Sources */,
				9FFECC632B4DBC950046174D /* HogwartsApp.swift in Sources */,
			);
			runOnlyForDeploymentPostprocessing = 0;
		};
		9FFECC702B4DBC980046174D /* Sources */ = {
			isa = PBXSourcesBuildPhase;
			buildActionMask = 2147483647;
			files = (
				9FFECC792B4DBC980046174D /* HogwartsTests.swift in Sources */,
			);
			runOnlyForDeploymentPostprocessing = 0;
		};
		9FFECC7A2B4DBC980046174D /* Sources */ = {
			isa = PBXSourcesBuildPhase;
			buildActionMask = 2147483647;
			files = (
				9FFECC852B4DBC980046174D /* HogwartsUITestsLaunchTests.swift in Sources */,
				9FFECC832B4DBC980046174D /* HogwartsUITests.swift in Sources */,
			);
			runOnlyForDeploymentPostprocessing = 0;
		};
/* End PBXSourcesBuildPhase section */

/* Begin PBXTargetDependency section */
		9FFECC762B4DBC980046174D /* PBXTargetDependency */ = {
			isa = PBXTargetDependency;
			target = 9FFECC5E2B4DBC950046174D /* Hogwarts */;
			targetProxy = 9FFECC752B4DBC980046174D /* PBXContainerItemProxy */;
		};
		9FFECC802B4DBC980046174D /* PBXTargetDependency */ = {
			isa = PBXTargetDependency;
			target = 9FFECC5E2B4DBC950046174D /* Hogwarts */;
			targetProxy = 9FFECC7F2B4DBC980046174D /* PBXContainerItemProxy */;
		};
/* End PBXTargetDependency section */

/* Begin XCBuildConfiguration section */
		9FFECC862B4DBC980046174D /* Debug */ = {
			isa = XCBuildConfiguration;
			buildSettings = {
				ALWAYS_SEARCH_USER_PATHS = NO;
				ASSETCATALOG_COMPILER_GENERATE_SWIFT_ASSET_SYMBOL_EXTENSIONS = YES;
				CLANG_ANALYZER_NONNULL = YES;
				CLANG_ANALYZER_NUMBER_OBJECT_CONVERSION = YES_AGGRESSIVE;
				CLANG_CXX_LANGUAGE_STANDARD = "gnu++20";
				CLANG_ENABLE_MODULES = YES;
				CLANG_ENABLE_OBJC_ARC = YES;
				CLANG_ENABLE_OBJC_WEAK = YES;
				CLANG_WARN_BLOCK_CAPTURE_AUTORELEASING = YES;
				CLANG_WARN_BOOL_CONVERSION = YES;
				CLANG_WARN_COMMA = YES;
				CLANG_WARN_CONSTANT_CONVERSION = YES;
				CLANG_WARN_DEPRECATED_OBJC_IMPLEMENTATIONS = YES;
				CLANG_WARN_DIRECT_OBJC_ISA_USAGE = YES_ERROR;
				CLANG_WARN_DOCUMENTATION_COMMENTS = YES;
				CLANG_WARN_EMPTY_BODY = YES;
				CLANG_WARN_ENUM_CONVERSION = YES;
				CLANG_WARN_INFINITE_RECURSION = YES;
				CLANG_WARN_INT_CONVERSION = YES;
				CLANG_WARN_NON_LITERAL_NULL_CONVERSION = YES;
				CLANG_WARN_OBJC_IMPLICIT_RETAIN_SELF = YES;
				CLANG_WARN_OBJC_LITERAL_CONVERSION = YES;
				CLANG_WARN_OBJC_ROOT_CLASS = YES_ERROR;
				CLANG_WARN_QUOTED_INCLUDE_IN_FRAMEWORK_HEADER = YES;
				CLANG_WARN_RANGE_LOOP_ANALYSIS = YES;
				CLANG_WARN_STRICT_PROTOTYPES = YES;
				CLANG_WARN_SUSPICIOUS_MOVE = YES;
				CLANG_WARN_UNGUARDED_AVAILABILITY = YES_AGGRESSIVE;
				CLANG_WARN_UNREACHABLE_CODE = YES;
				CLANG_WARN__DUPLICATE_METHOD_MATCH = YES;
				COPY_PHASE_STRIP = NO;
				DEBUG_INFORMATION_FORMAT = dwarf;
				ENABLE_STRICT_OBJC_MSGSEND = YES;
				ENABLE_TESTABILITY = YES;
				ENABLE_USER_SCRIPT_SANDBOXING = YES;
				GCC_C_LANGUAGE_STANDARD = gnu17;
				GCC_DYNAMIC_NO_PIC = NO;
				GCC_NO_COMMON_BLOCKS = YES;
				GCC_OPTIMIZATION_LEVEL = 0;
				GCC_PREPROCESSOR_DEFINITIONS = (
					"DEBUG=1",
					"$(inherited)",
				);
				GCC_WARN_64_TO_32_BIT_CONVERSION = YES;
				GCC_WARN_ABOUT_RETURN_TYPE = YES_ERROR;
				GCC_WARN_UNDECLARED_SELECTOR = YES;
				GCC_WARN_UNINITIALIZED_AUTOS = YES_AGGRESSIVE;
				GCC_WARN_UNUSED_FUNCTION = YES;
				GCC_WARN_UNUSED_VARIABLE = YES;
				IPHONEOS_DEPLOYMENT_TARGET = 17.2;
				LOCALIZATION_PREFERS_STRING_CATALOGS = YES;
				MTL_ENABLE_DEBUG_INFO = INCLUDE_SOURCE;
				MTL_FAST_MATH = YES;
				ONLY_ACTIVE_ARCH = YES;
				SDKROOT = iphoneos;
				SWIFT_ACTIVE_COMPILATION_CONDITIONS = "DEBUG $(inherited)";
				SWIFT_OPTIMIZATION_LEVEL = "-Onone";
			};
			name = Debug;
		};
		9FFECC872B4DBC980046174D /* Release */ = {
			isa = XCBuildConfiguration;
			buildSettings = {
				ALWAYS_SEARCH_USER_PATHS = NO;
				ASSETCATALOG_COMPILER_GENERATE_SWIFT_ASSET_SYMBOL_EXTENSIONS = YES;
				CLANG_ANALYZER_NONNULL = YES;
				CLANG_ANALYZER_NUMBER_OBJECT_CONVERSION = YES_AGGRESSIVE;
				CLANG_CXX_LANGUAGE_STANDARD = "gnu++20";
				CLANG_ENABLE_MODULES = YES;
				CLANG_ENABLE_OBJC_ARC = YES;
				CLANG_ENABLE_OBJC_WEAK = YES;
				CLANG_WARN_BLOCK_CAPTURE_AUTORELEASING = YES;
				CLANG_WARN_BOOL_CONVERSION = YES;
				CLANG_WARN_COMMA = YES;
				CLANG_WARN_CONSTANT_CONVERSION = YES;
				CLANG_WARN_DEPRECATED_OBJC_IMPLEMENTATIONS = YES;
				CLANG_WARN_DIRECT_OBJC_ISA_USAGE = YES_ERROR;
				CLANG_WARN_DOCUMENTATION_COMMENTS = YES;
				CLANG_WARN_EMPTY_BODY = YES;
				CLANG_WARN_ENUM_CONVERSION = YES;
				CLANG_WARN_INFINITE_RECURSION = YES;
				CLANG_WARN_INT_CONVERSION = YES;
				CLANG_WARN_NON_LITERAL_NULL_CONVERSION = YES;
				CLANG_WARN_OBJC_IMPLICIT_RETAIN_SELF = YES;
				CLANG_WARN_OBJC_LITERAL_CONVERSION = YES;
				CLANG_WARN_OBJC_ROOT_CLASS = YES_ERROR;
				CLANG_WARN_QUOTED_INCLUDE_IN_FRAMEWORK_HEADER = YES;
				CLANG_WARN_RANGE_LOOP_ANALYSIS = YES;
				CLANG_WARN_STRICT_PROTOTYPES = YES;
				CLANG_WARN_SUSPICIOUS_MOVE = YES;
				CLANG_WARN_UNGUARDED_AVAILABILITY = YES_AGGRESSIVE;
				CLANG_WARN_UNREACHABLE_CODE = YES;
				CLANG_WARN__DUPLICATE_METHOD_MATCH = YES;
				COPY_PHASE_STRIP = NO;
				DEBUG_INFORMATION_FORMAT = "dwarf-with-dsym";
				ENABLE_NS_ASSERTIONS = NO;
				ENABLE_STRICT_OBJC_MSGSEND = YES;
				ENABLE_USER_SCRIPT_SANDBOXING = YES;
				GCC_C_LANGUAGE_STANDARD = gnu17;
				GCC_NO_COMMON_BLOCKS = YES;
				GCC_WARN_64_TO_32_BIT_CONVERSION = YES;
				GCC_WARN_ABOUT_RETURN_TYPE = YES_ERROR;
				GCC_WARN_UNDECLARED_SELECTOR = YES;
				GCC_WARN_UNINITIALIZED_AUTOS = YES_AGGRESSIVE;
				GCC_WARN_UNUSED_FUNCTION = YES;
				GCC_WARN_UNUSED_VARIABLE = YES;
				IPHONEOS_DEPLOYMENT_TARGET = 17.2;
				LOCALIZATION_PREFERS_STRING_CATALOGS = YES;
				MTL_ENABLE_DEBUG_INFO = NO;
				MTL_FAST_MATH = YES;
				SDKROOT = iphoneos;
				SWIFT_COMPILATION_MODE = wholemodule;
				VALIDATE_PRODUCT = YES;
			};
			name = Release;
		};
		9FFECC892B4DBC980046174D /* Debug */ = {
			isa = XCBuildConfiguration;
			buildSettings = {
				ASSETCATALOG_COMPILER_APPICON_NAME = AppIcon;
				ASSETCATALOG_COMPILER_GLOBAL_ACCENT_COLOR_NAME = AccentColor;
				CODE_SIGN_STYLE = Automatic;
				CURRENT_PROJECT_VERSION = 1;
				DEVELOPMENT_ASSET_PATHS = "\"Hogwarts/Preview Content\"";
				ENABLE_PREVIEWS = YES;
				GENERATE_INFOPLIST_FILE = YES;
				INFOPLIST_KEY_UIApplicationSceneManifest_Generation = YES;
				INFOPLIST_KEY_UIApplicationSupportsIndirectInputEvents = YES;
				INFOPLIST_KEY_UILaunchScreen_Generation = YES;
				INFOPLIST_KEY_UISupportedInterfaceOrientations_iPad = "UIInterfaceOrientationPortrait UIInterfaceOrientationPortraitUpsideDown UIInterfaceOrientationLandscapeLeft UIInterfaceOrientationLandscapeRight";
				INFOPLIST_KEY_UISupportedInterfaceOrientations_iPhone = "UIInterfaceOrientationPortrait UIInterfaceOrientationLandscapeLeft UIInterfaceOrientationLandscapeRight";
				LD_RUNPATH_SEARCH_PATHS = (
					"$(inherited)",
					"@executable_path/Frameworks",
				);
				MARKETING_VERSION = 1.0;
				PRODUCT_BUNDLE_IDENTIFIER = com.mirzamani.Hogwarts;
				PRODUCT_NAME = "$(TARGET_NAME)";
				SWIFT_EMIT_LOC_STRINGS = YES;
				SWIFT_VERSION = 5.0;
				TARGETED_DEVICE_FAMILY = "1,2";
			};
			name = Debug;
		};
		9FFECC8A2B4DBC980046174D /* Release */ = {
			isa = XCBuildConfiguration;
			buildSettings = {
				ASSETCATALOG_COMPILER_APPICON_NAME = AppIcon;
				ASSETCATALOG_COMPILER_GLOBAL_ACCENT_COLOR_NAME = AccentColor;
				CODE_SIGN_STYLE = Automatic;
				CURRENT_PROJECT_VERSION = 1;
				DEVELOPMENT_ASSET_PATHS = "\"Hogwarts/Preview Content\"";
				ENABLE_PREVIEWS = YES;
				GENERATE_INFOPLIST_FILE = YES;
				INFOPLIST_KEY_UIApplicationSceneManifest_Generation = YES;
				INFOPLIST_KEY_UIApplicationSupportsIndirectInputEvents = YES;
				INFOPLIST_KEY_UILaunchScreen_Generation = YES;
				INFOPLIST_KEY_UISupportedInterfaceOrientations_iPad = "UIInterfaceOrientationPortrait UIInterfaceOrientationPortraitUpsideDown UIInterfaceOrientationLandscapeLeft UIInterfaceOrientationLandscapeRight";
				INFOPLIST_KEY_UISupportedInterfaceOrientations_iPhone = "UIInterfaceOrientationPortrait UIInterfaceOrientationLandscapeLeft UIInterfaceOrientationLandscapeRight";
				LD_RUNPATH_SEARCH_PATHS = (
					"$(inherited)",
					"@executable_path/Frameworks",
				);
				MARKETING_VERSION = 1.0;
				PRODUCT_BUNDLE_IDENTIFIER = com.mirzamani.Hogwarts;
				PRODUCT_NAME = "$(TARGET_NAME)";
				SWIFT_EMIT_LOC_STRINGS = YES;
				SWIFT_VERSION = 5.0;
				TARGETED_DEVICE_FAMILY = "1,2";
			};
			name = Release;
		};
		9FFECC8C2B4DBC980046174D /* Debug */ = {
			isa = XCBuildConfiguration;
			buildSettings = {
				ALWAYS_EMBED_SWIFT_STANDARD_LIBRARIES = YES;
				BUNDLE_LOADER = "$(TEST_HOST)";
				CODE_SIGN_STYLE = Automatic;
				CURRENT_PROJECT_VERSION = 1;
				GENERATE_INFOPLIST_FILE = YES;
				IPHONEOS_DEPLOYMENT_TARGET = 17.2;
				MARKETING_VERSION = 1.0;
				PRODUCT_BUNDLE_IDENTIFIER = com.mirzamani.HogwartsTests;
				PRODUCT_NAME = "$(TARGET_NAME)";
				SWIFT_EMIT_LOC_STRINGS = NO;
				SWIFT_VERSION = 5.0;
				TARGETED_DEVICE_FAMILY = "1,2";
				TEST_HOST = "$(BUILT_PRODUCTS_DIR)/Hogwarts.app/$(BUNDLE_EXECUTABLE_FOLDER_PATH)/Hogwarts";
			};
			name = Debug;
		};
		9FFECC8D2B4DBC980046174D /* Release */ = {
			isa = XCBuildConfiguration;
			buildSettings = {
				ALWAYS_EMBED_SWIFT_STANDARD_LIBRARIES = YES;
				BUNDLE_LOADER = "$(TEST_HOST)";
				CODE_SIGN_STYLE = Automatic;
				CURRENT_PROJECT_VERSION = 1;
				GENERATE_INFOPLIST_FILE = YES;
				IPHONEOS_DEPLOYMENT_TARGET = 17.2;
				MARKETING_VERSION = 1.0;
				PRODUCT_BUNDLE_IDENTIFIER = com.mirzamani.HogwartsTests;
				PRODUCT_NAME = "$(TARGET_NAME)";
				SWIFT_EMIT_LOC_STRINGS = NO;
				SWIFT_VERSION = 5.0;
				TARGETED_DEVICE_FAMILY = "1,2";
				TEST_HOST = "$(BUILT_PRODUCTS_DIR)/Hogwarts.app/$(BUNDLE_EXECUTABLE_FOLDER_PATH)/Hogwarts";
			};
			name = Release;
		};
		9FFECC8F2B4DBC980046174D /* Debug */ = {
			isa = XCBuildConfiguration;
			buildSettings = {
				ALWAYS_EMBED_SWIFT_STANDARD_LIBRARIES = YES;
				CODE_SIGN_STYLE = Automatic;
				CURRENT_PROJECT_VERSION = 1;
				GENERATE_INFOPLIST_FILE = YES;
				MARKETING_VERSION = 1.0;
				PRODUCT_BUNDLE_IDENTIFIER = com.mirzamani.HogwartsUITests;
				PRODUCT_NAME = "$(TARGET_NAME)";
				SWIFT_EMIT_LOC_STRINGS = NO;
				SWIFT_VERSION = 5.0;
				TARGETED_DEVICE_FAMILY = "1,2";
				TEST_TARGET_NAME = Hogwarts;
			};
			name = Debug;
		};
		9FFECC902B4DBC980046174D /* Release */ = {
			isa = XCBuildConfiguration;
			buildSettings = {
				ALWAYS_EMBED_SWIFT_STANDARD_LIBRARIES = YES;
				CODE_SIGN_STYLE = Automatic;
				CURRENT_PROJECT_VERSION = 1;
				GENERATE_INFOPLIST_FILE = YES;
				MARKETING_VERSION = 1.0;
				PRODUCT_BUNDLE_IDENTIFIER = com.mirzamani.HogwartsUITests;
				PRODUCT_NAME = "$(TARGET_NAME)";
				SWIFT_EMIT_LOC_STRINGS = NO;
				SWIFT_VERSION = 5.0;
				TARGETED_DEVICE_FAMILY = "1,2";
				TEST_TARGET_NAME = Hogwarts;
			};
			name = Release;
		};
/* End XCBuildConfiguration section */

/* Begin XCConfigurationList section */
		9FFECC5A2B4DBC950046174D /* Build configuration list for PBXProject "Hogwarts" */ = {
			isa = XCConfigurationList;
			buildConfigurations = (
				9FFECC862B4DBC980046174D /* Debug */,
				9FFECC872B4DBC980046174D /* Release */,
			);
			defaultConfigurationIsVisible = 0;
			defaultConfigurationName = Release;
		};
		9FFECC882B4DBC980046174D /* Build configuration list for PBXNativeTarget "Hogwarts" */ = {
			isa = XCConfigurationList;
			buildConfigurations = (
				9FFECC892B4DBC980046174D /* Debug */,
				9FFECC8A2B4DBC980046174D /* Release */,
			);
			defaultConfigurationIsVisible = 0;
			defaultConfigurationName = Release;
		};
		9FFECC8B2B4DBC980046174D /* Build configuration list for PBXNativeTarget "HogwartsTests" */ = {
			isa = XCConfigurationList;
			buildConfigurations = (
				9FFECC8C2B4DBC980046174D /* Debug */,
				9FFECC8D2B4DBC980046174D /* Release */,
			);
			defaultConfigurationIsVisible = 0;
			defaultConfigurationName = Release;
		};
		9FFECC8E2B4DBC980046174D /* Build configuration list for PBXNativeTarget "HogwartsUITests" */ = {
			isa = XCConfigurationList;
			buildConfigurations = (
				9FFECC8F2B4DBC980046174D /* Debug */,
				9FFECC902B4DBC980046174D /* Release */,
			);
			defaultConfigurationIsVisible = 0;
			defaultConfigurationName = Release;
		};
/* End XCConfigurationList section */

/* Begin XCVersionGroup section */
		9FFECC6D2B4DBC970046174D /* Hogwarts.xcdatamodeld */ = {
			isa = XCVersionGroup;
			children = (
				9FFECC6E2B4DBC970046174D /* Hogwarts.xcdatamodel */,
			);
			currentVersion = 9FFECC6E2B4DBC970046174D /* Hogwarts.xcdatamodel */;
			path = Hogwarts.xcdatamodeld;
			sourceTree = "<group>";
			versionGroupType = wrapper.xcdatamodel;
		};
/* End XCVersionGroup section */
	};
	rootObject = 9FFECC572B4DBC950046174D /* Project object */;
}
